
Microsoft Visual Studio Solution File, Format Version 12.00
# Visual Studio Version 16
VisualStudioVersion = 16.0.29009.5
MinimumVisualStudioVersion = 10.0.40219.1
Project("{FAE04EC0-301F-11D3-BF4B-00C04F79EFBC}") = "AutoSharpConsoleUI", "AutoSharpConsoleUI\AutoSharpConsoleUI.csproj", "{62DBCC68-D9F5-41C9-92E8-F0D949B7AB7B}"
EndProject
Project("{FAE04EC0-301F-11D3-BF4B-00C04F79EFBC}") = "AutoSharp", "AutoSharpLibrary\AutoSharp.csproj", "{AF08812F-E4DE-4AA4-8D48-00FE45D22CE9}"
EndProject
Global
	GlobalSection(SolutionConfigurationPlatforms) = preSolution
		Debug|Any CPU = Debug|Any CPU
		Release|Any CPU = Release|Any CPU
	EndGlobalSection
	GlobalSection(ProjectConfigurationPlatforms) = postSolution
		{62DBCC68-D9F5-41C9-92E8-F0D949B7AB7B}.Debug|Any CPU.ActiveCfg = Debug|Any CPU
		{62DBCC68-D9F5-41C9-92E8-F0D949B7AB7B}.Debug|Any CPU.Build.0 = Debug|Any CPU
		{62DBCC68-D9F5-41C9-92E8-F0D949B7AB7B}.Release|Any CPU.ActiveCfg = Release|Any CPU
		{62DBCC68-D9F5-41C9-92E8-F0D949B7AB7B}.Release|Any CPU.Build.0 = Release|Any CPU
		{AF08812F-E4DE-4AA4-8D48-00FE45D22CE9}.Debug|Any CPU.ActiveCfg = Debug|Any CPU
		{AF08812F-E4DE-4AA4-8D48-00FE45D22CE9}.Debug|Any CPU.Build.0 = Debug|Any CPU
		{AF08812F-E4DE-4AA4-8D48-00FE45D22CE9}.Release|Any CPU.ActiveCfg = Release|Any CPU
		{AF08812F-E4DE-4AA4-8D48-00FE45D22CE9}.Release|Any CPU.Build.0 = Release|Any CPU
	EndGlobalSection
	GlobalSection(SolutionProperties) = preSolution
		HideSolutionNode = FALSE
	EndGlobalSection
	GlobalSection(ExtensibilityGlobals) = postSolution
		SolutionGuid = {9ED3C0C1-FBDC-4759-BE05-5AF73E68B0B3}
	EndGlobalSection
EndGlobal
